
Microsoft Visual Studio Solution File, Format Version 12.00
# Visual Studio 14
VisualStudioVersion = 14.0.23107.0
MinimumVisualStudioVersion = 10.0.40219.1
Project("{FAE04EC0-301F-11D3-BF4B-00C04F79EFBC}") = "MySolution.Database", "MySolution.Database\MySolution.Database.csproj", "{C359D2F6-CC2B-48CF-AA11-7DEA0E04F7F5}"
EndProject
Global
	GlobalSection(SolutionConfigurationPlatforms) = preSolution
		Debug|Any CPU = Debug|Any CPU
		Release|Any CPU = Release|Any CPU
	EndGlobalSection
	GlobalSection(ProjectConfigurationPlatforms) = postSolution
		{C359D2F6-CC2B-48CF-AA11-7DEA0E04F7F5}.Debug|Any CPU.ActiveCfg = Debug|Any CPU
		{C359D2F6-CC2B-48CF-AA11-7DEA0E04F7F5}.Debug|Any CPU.Build.0 = Debug|Any CPU
		{C359D2F6-CC2B-48CF-AA11-7DEA0E04F7F5}.Release|Any CPU.ActiveCfg = Release|Any CPU
		{C359D2F6-CC2B-48CF-AA11-7DEA0E04F7F5}.Release|Any CPU.Build.0 = Release|Any CPU
	EndGlobalSection
	GlobalSection(SolutionProperties) = preSolution
		HideSolutionNode = FALSE
	EndGlobalSection
EndGlobal
